
Microsoft Visual Studio Solution File, Format Version 12.00
# Visual Studio 15
VisualStudioVersion = 15.0.28307.705
MinimumVisualStudioVersion = 10.0.40219.1
Project("{FAE04EC0-301F-11D3-BF4B-00C04F79EFBC}") = "CustomExchange", "CustomExchange\CustomExchange.csproj", "{2551AEF7-4722-42D4-8EFF-267BED36A921}"
EndProject
Global
	GlobalSection(SolutionConfigurationPlatforms) = preSolution
		Debug|Any CPU = Debug|Any CPU
		Release|Any CPU = Release|Any CPU
	EndGlobalSection
	GlobalSection(ProjectConfigurationPlatforms) = postSolution
		{2551AEF7-4722-42D4-8EFF-267BED36A921}.Debug|Any CPU.ActiveCfg = Debug|Any CPU
		{2551AEF7-4722-42D4-8EFF-267BED36A921}.Debug|Any CPU.Build.0 = Debug|Any CPU
		{2551AEF7-4722-42D4-8EFF-267BED36A921}.Release|Any CPU.ActiveCfg = Release|Any CPU
		{2551AEF7-4722-42D4-8EFF-267BED36A921}.Release|Any CPU.Build.0 = Release|Any CPU
	EndGlobalSection
	GlobalSection(SolutionProperties) = preSolution
		HideSolutionNode = FALSE
	EndGlobalSection
	GlobalSection(ExtensibilityGlobals) = postSolution
		SolutionGuid = {7745BAF5-A3F6-4BA4-BDCF-C1B08F86CEAC}
	EndGlobalSection
EndGlobal
